dependencies:
- name: redis
  repository: https://charts.bitnami.com/bitnami
  version: 23.2.12
- name: postgresql
  repository: https://charts.bitnami.com/bitnami
  version: 18.1.9
- name: minio
  repository: https://charts.min.io/
  version: 5.4.0
digest: sha256:c4ce652e7c6195943017d87d172a8e54b627b70eca138fd1be264a2ca33cf7bb
generated: "2025-11-17T02:44:25.382943459Z"
